
Microsoft Visual Studio Solution File, Format Version 12.00
# Visual Studio Version 16
VisualStudioVersion = 16.0.31613.86
MinimumVisualStudioVersion = 10.0.40219.1
Project("{8BC9CEB8-8B4A-11D0-8D11-00A0C91BC942}") = "seoulKim", "seoulKim\seoulKim.vcxproj", "{473F1371-C33C-452F-9AA6-3915BC238328}"
EndProject
Global
	GlobalSection(SolutionConfigurationPlatforms) = preSolution
		Debug|x64 = Debug|x64
		Debug|x86 = Debug|x86
		Release|x64 = Release|x64
		Release|x86 = Release|x86
	EndGlobalSection
	GlobalSection(ProjectConfigurationPlatforms) = postSolution
		{473F1371-C33C-452F-9AA6-3915BC238328}.Debug|x64.ActiveCfg = Debug|x64
		{473F1371-C33C-452F-9AA6-3915BC238328}.Debug|x64.Build.0 = Debug|x64
		{473F1371-C33C-452F-9AA6-3915BC238328}.Debug|x86.ActiveCfg = Debug|Win32
		{473F1371-C33C-452F-9AA6-3915BC238328}.Debug|x86.Build.0 = Debug|Win32
		{473F1371-C33C-452F-9AA6-3915BC238328}.Release|x64.ActiveCfg = Release|x64
		{473F1371-C33C-452F-9AA6-3915BC238328}.Release|x64.Build.0 = Release|x64
		{473F1371-C33C-452F-9AA6-3915BC238328}.Release|x86.ActiveCfg = Release|Win32
		{473F1371-C33C-452F-9AA6-3915BC238328}.Release|x86.Build.0 = Release|Win32
	EndGlobalSection
	GlobalSection(SolutionProperties) = preSolution
		HideSolutionNode = FALSE
	EndGlobalSection
	GlobalSection(ExtensibilityGlobals) = postSolution
		SolutionGuid = {97512286-87E8-46DF-9795-A9C4B14027E9}
	EndGlobalSection
EndGlobal
