
Microsoft Visual Studio Solution File, Format Version 12.00
# Visual Studio Version 16
VisualStudioVersion = 16.0.31613.86
MinimumVisualStudioVersion = 10.0.40219.1
Project("{8BC9CEB8-8B4A-11D0-8D11-00A0C91BC942}") = "carpet", "carpet\carpet.vcxproj", "{DAA1CEA3-25A4-4ABC-B3C5-60F20402E11D}"
EndProject
Global
	GlobalSection(SolutionConfigurationPlatforms) = preSolution
		Debug|x64 = Debug|x64
		Debug|x86 = Debug|x86
		Release|x64 = Release|x64
		Release|x86 = Release|x86
	EndGlobalSection
	GlobalSection(ProjectConfigurationPlatforms) = postSolution
		{DAA1CEA3-25A4-4ABC-B3C5-60F20402E11D}.Debug|x64.ActiveCfg = Debug|x64
		{DAA1CEA3-25A4-4ABC-B3C5-60F20402E11D}.Debug|x64.Build.0 = Debug|x64
		{DAA1CEA3-25A4-4ABC-B3C5-60F20402E11D}.Debug|x86.ActiveCfg = Debug|Win32
		{DAA1CEA3-25A4-4ABC-B3C5-60F20402E11D}.Debug|x86.Build.0 = Debug|Win32
		{DAA1CEA3-25A4-4ABC-B3C5-60F20402E11D}.Release|x64.ActiveCfg = Release|x64
		{DAA1CEA3-25A4-4ABC-B3C5-60F20402E11D}.Release|x64.Build.0 = Release|x64
		{DAA1CEA3-25A4-4ABC-B3C5-60F20402E11D}.Release|x86.ActiveCfg = Release|Win32
		{DAA1CEA3-25A4-4ABC-B3C5-60F20402E11D}.Release|x86.Build.0 = Release|Win32
	EndGlobalSection
	GlobalSection(SolutionProperties) = preSolution
		HideSolutionNode = FALSE
	EndGlobalSection
	GlobalSection(ExtensibilityGlobals) = postSolution
		SolutionGuid = {438DD268-3E61-4D1D-8730-ADF6B1CA5DD5}
	EndGlobalSection
EndGlobal
