
Microsoft Visual Studio Solution File, Format Version 12.00
# Visual Studio Version 16
VisualStudioVersion = 16.0.31613.86
MinimumVisualStudioVersion = 10.0.40219.1
Project("{8BC9CEB8-8B4A-11D0-8D11-00A0C91BC942}") = "PMPlus", "PMPlus\PMPlus.vcxproj", "{EC5B7392-73EA-4602-BF9A-34A002AD7652}"
EndProject
Global
	GlobalSection(SolutionConfigurationPlatforms) = preSolution
		Debug|x64 = Debug|x64
		Debug|x86 = Debug|x86
		Release|x64 = Release|x64
		Release|x86 = Release|x86
	EndGlobalSection
	GlobalSection(ProjectConfigurationPlatforms) = postSolution
		{EC5B7392-73EA-4602-BF9A-34A002AD7652}.Debug|x64.ActiveCfg = Debug|x64
		{EC5B7392-73EA-4602-BF9A-34A002AD7652}.Debug|x64.Build.0 = Debug|x64
		{EC5B7392-73EA-4602-BF9A-34A002AD7652}.Debug|x86.ActiveCfg = Debug|Win32
		{EC5B7392-73EA-4602-BF9A-34A002AD7652}.Debug|x86.Build.0 = Debug|Win32
		{EC5B7392-73EA-4602-BF9A-34A002AD7652}.Release|x64.ActiveCfg = Release|x64
		{EC5B7392-73EA-4602-BF9A-34A002AD7652}.Release|x64.Build.0 = Release|x64
		{EC5B7392-73EA-4602-BF9A-34A002AD7652}.Release|x86.ActiveCfg = Release|Win32
		{EC5B7392-73EA-4602-BF9A-34A002AD7652}.Release|x86.Build.0 = Release|Win32
	EndGlobalSection
	GlobalSection(SolutionProperties) = preSolution
		HideSolutionNode = FALSE
	EndGlobalSection
	GlobalSection(ExtensibilityGlobals) = postSolution
		SolutionGuid = {51DD7761-7EB0-4893-8A2A-49B9584EE479}
	EndGlobalSection
EndGlobal
