
Microsoft Visual Studio Solution File, Format Version 12.00
# Visual Studio Version 16
VisualStudioVersion = 16.0.31613.86
MinimumVisualStudioVersion = 10.0.40219.1
Project("{8BC9CEB8-8B4A-11D0-8D11-00A0C91BC942}") = "kakao2022-5", "kakao2022-5\kakao2022-5.vcxproj", "{5CF2719E-F05D-4200-B111-C15AA1E86836}"
EndProject
Global
	GlobalSection(SolutionConfigurationPlatforms) = preSolution
		Debug|x64 = Debug|x64
		Debug|x86 = Debug|x86
		Release|x64 = Release|x64
		Release|x86 = Release|x86
	EndGlobalSection
	GlobalSection(ProjectConfigurationPlatforms) = postSolution
		{5CF2719E-F05D-4200-B111-C15AA1E86836}.Debug|x64.ActiveCfg = Debug|x64
		{5CF2719E-F05D-4200-B111-C15AA1E86836}.Debug|x64.Build.0 = Debug|x64
		{5CF2719E-F05D-4200-B111-C15AA1E86836}.Debug|x86.ActiveCfg = Debug|Win32
		{5CF2719E-F05D-4200-B111-C15AA1E86836}.Debug|x86.Build.0 = Debug|Win32
		{5CF2719E-F05D-4200-B111-C15AA1E86836}.Release|x64.ActiveCfg = Release|x64
		{5CF2719E-F05D-4200-B111-C15AA1E86836}.Release|x64.Build.0 = Release|x64
		{5CF2719E-F05D-4200-B111-C15AA1E86836}.Release|x86.ActiveCfg = Release|Win32
		{5CF2719E-F05D-4200-B111-C15AA1E86836}.Release|x86.Build.0 = Release|Win32
	EndGlobalSection
	GlobalSection(SolutionProperties) = preSolution
		HideSolutionNode = FALSE
	EndGlobalSection
	GlobalSection(ExtensibilityGlobals) = postSolution
		SolutionGuid = {BBD0B123-4AF1-44CE-9B29-5753E497619F}
	EndGlobalSection
EndGlobal
