
Microsoft Visual Studio Solution File, Format Version 12.00
# Visual Studio Version 16
VisualStudioVersion = 16.0.31613.86
MinimumVisualStudioVersion = 10.0.40219.1
Project("{8BC9CEB8-8B4A-11D0-8D11-00A0C91BC942}") = "itos", "itos\itos.vcxproj", "{B8AFDDBD-D950-4037-BBDF-63B821057E71}"
EndProject
Global
	GlobalSection(SolutionConfigurationPlatforms) = preSolution
		Debug|x64 = Debug|x64
		Debug|x86 = Debug|x86
		Release|x64 = Release|x64
		Release|x86 = Release|x86
	EndGlobalSection
	GlobalSection(ProjectConfigurationPlatforms) = postSolution
		{B8AFDDBD-D950-4037-BBDF-63B821057E71}.Debug|x64.ActiveCfg = Debug|x64
		{B8AFDDBD-D950-4037-BBDF-63B821057E71}.Debug|x64.Build.0 = Debug|x64
		{B8AFDDBD-D950-4037-BBDF-63B821057E71}.Debug|x86.ActiveCfg = Debug|Win32
		{B8AFDDBD-D950-4037-BBDF-63B821057E71}.Debug|x86.Build.0 = Debug|Win32
		{B8AFDDBD-D950-4037-BBDF-63B821057E71}.Release|x64.ActiveCfg = Release|x64
		{B8AFDDBD-D950-4037-BBDF-63B821057E71}.Release|x64.Build.0 = Release|x64
		{B8AFDDBD-D950-4037-BBDF-63B821057E71}.Release|x86.ActiveCfg = Release|Win32
		{B8AFDDBD-D950-4037-BBDF-63B821057E71}.Release|x86.Build.0 = Release|Win32
	EndGlobalSection
	GlobalSection(SolutionProperties) = preSolution
		HideSolutionNode = FALSE
	EndGlobalSection
	GlobalSection(ExtensibilityGlobals) = postSolution
		SolutionGuid = {02CF955D-C3D1-47BF-9B88-382AEC1C86A7}
	EndGlobalSection
EndGlobal
